// !$*UTF8*$!
{
	archiveVersion = 1;
	classes = {
	};
	objectVersion = 46;
	objects = {

/* Begin PBXBuildFile section */
		1C069BD21DC051CD008E3AE8 /* AddClassesViewController.swift in Sources */ = {isa = PBXBuildFile; fileRef = 1C069BD11DC051CD008E3AE8 /* AddClassesViewController.swift */; };
		1C6C30A41DBC6C960093C18A /* CoursesTableViewCell.swift in Sources */ = {isa = PBXBuildFile; fileRef = 1C6C30A31DBC6C960093C18A /* CoursesTableViewCell.swift */; };
		1C7C3E611DD5553A00B326A3 /* ViewFileTableViewCell.swift in Sources */ = {isa = PBXBuildFile; fileRef = 1C7C3E601DD5553A00B326A3 /* ViewFileTableViewCell.swift */; };
		1C7C3E631DD555B300B326A3 /* ViewFilesViewController.swift in Sources */ = {isa = PBXBuildFile; fileRef = 1C7C3E621DD555B300B326A3 /* ViewFilesViewController.swift */; };
		1C87719E1DD258CA001146EC /* StudySessionDetailViewController.swift in Sources */ = {isa = PBXBuildFile; fileRef = 1C87719D1DD258CA001146EC /* StudySessionDetailViewController.swift */; };
		1C8771A01DD27F6F001146EC /* StudySessionTableViewCell.swift in Sources */ = {isa = PBXBuildFile; fileRef = 1C87719F1DD27F6F001146EC /* StudySessionTableViewCell.swift */; };
		1CA624F61DB6BAEA00F4E07B /* CreateStudySessionViewController.swift in Sources */ = {isa = PBXBuildFile; fileRef = 1CA624F51DB6BAEA00F4E07B /* CreateStudySessionViewController.swift */; };
		1CA624F81DB6C00700F4E07B /* MyClassesViewController.swift in Sources */ = {isa = PBXBuildFile; fileRef = 1CA624F71DB6C00700F4E07B /* MyClassesViewController.swift */; };
		1CA624FA1DB6C24A00F4E07B /* SettingsScreenViewController.swift in Sources */ = {isa = PBXBuildFile; fileRef = 1CA624F91DB6C24A00F4E07B /* SettingsScreenViewController.swift */; };
		1CC886C01DB6AA09007F5E62 /* PageViewController.swift in Sources */ = {isa = PBXBuildFile; fileRef = 1CC886BF1DB6AA09007F5E62 /* PageViewController.swift */; };
		1CD1A3FB1DB6899900F68C35 /* SignUpScreenViewController.swift in Sources */ = {isa = PBXBuildFile; fileRef = 1CD1A3FA1DB6899900F68C35 /* SignUpScreenViewController.swift */; };
		1CD828FD1DB67B38005F3A66 /* LogInScreenViewController.swift in Sources */ = {isa = PBXBuildFile; fileRef = 1CD828FC1DB67B38005F3A66 /* LogInScreenViewController.swift */; };
		1CE06B5B1DB85697006B95DE /* keyboardDissapear.swift in Sources */ = {isa = PBXBuildFile; fileRef = 1CE06B5A1DB85697006B95DE /* keyboardDissapear.swift */; };
		1CE06B5D1DB85807006B95DE /* HomeScreenViewController.swift in Sources */ = {isa = PBXBuildFile; fileRef = 1CE06B5C1DB85807006B95DE /* HomeScreenViewController.swift */; };
		1CE538B41DB678620039B4A2 /* AppDelegate.swift in Sources */ = {isa = PBXBuildFile; fileRef = 1CE538B31DB678620039B4A2 /* AppDelegate.swift */; };
		1CE538BD1DB678620039B4A2 /* Main.storyboard in Resources */ = {isa = PBXBuildFile; fileRef = 1CE538BB1DB678620039B4A2 /* Main.storyboard */; };
		1CE538BF1DB678630039B4A2 /* Assets.xcassets in Resources */ = {isa = PBXBuildFile; fileRef = 1CE538BE1DB678630039B4A2 /* Assets.xcassets */; };
		1CE538C21DB678630039B4A2 /* LaunchScreen.storyboard in Resources */ = {isa = PBXBuildFile; fileRef = 1CE538C01DB678630039B4A2 /* LaunchScreen.storyboard */; };
		1CF235B11DECF204005CF922 /* ClassStudySessionsViewController.swift in Sources */ = {isa = PBXBuildFile; fileRef = 1CF235AD1DECF204005CF922 /* ClassStudySessionsViewController.swift */; };
		1CF235B21DECF204005CF922 /* CourseStudySessionTableViewCell.swift in Sources */ = {isa = PBXBuildFile; fileRef = 1CF235AE1DECF204005CF922 /* CourseStudySessionTableViewCell.swift */; };
		1CF235B31DECF204005CF922 /* ShowCoursesTableCell.swift in Sources */ = {isa = PBXBuildFile; fileRef = 1CF235AF1DECF204005CF922 /* ShowCoursesTableCell.swift */; };
		B4B25DA9529617E7A9CCA70D /* Pods_StudySessions.framework in Frameworks */ = {isa = PBXBuildFile; fileRef = 66A5C8A01A65B814AC7F0FDD /* Pods_StudySessions.framework */; };
		EB39A02D1DEA7A9C0036BE99 /* AddNewFileViewController.swift in Sources */ = {isa = PBXBuildFile; fileRef = EB39A02C1DEA7A9C0036BE99 /* AddNewFileViewController.swift */; };
		EB50E2521DEAFDEB0088B338 /* ViewFileViewController.swift in Sources */ = {isa = PBXBuildFile; fileRef = EB50E2511DEAFDEB0088B338 /* ViewFileViewController.swift */; };
		EBD6039F1DF99EA60065C720 /* AllPostsTableViewController.swift in Sources */ = {isa = PBXBuildFile; fileRef = EBD6039E1DF99EA60065C720 /* AllPostsTableViewController.swift */; };
		EBD603A11DF9AB740065C720 /* AddNewPostViewController.swift in Sources */ = {isa = PBXBuildFile; fileRef = EBD603A01DF9AB740065C720 /* AddNewPostViewController.swift */; };
		EBD603A31DF9AD390065C720 /* ViewRepliesViewController.swift in Sources */ = {isa = PBXBuildFile; fileRef = EBD603A21DF9AD390065C720 /* ViewRepliesViewController.swift */; };
		EBD603A51DF9F2810065C720 /* ReplyTableViewCell.swift in Sources */ = {isa = PBXBuildFile; fileRef = EBD603A41DF9F2810065C720 /* ReplyTableViewCell.swift */; };
/* End PBXBuildFile section */

/* Begin PBXFileReference section */
		18009C89CAE399EA738014B2 /* Pods-StudySessions.release.xcconfig */ = {isa = PBXFileReference; includeInIndex = 1; lastKnownFileType = text.xcconfig; name = "Pods-StudySessions.release.xcconfig"; path = "Pods/Target Support Files/Pods-StudySessions/Pods-StudySessions.release.xcconfig"; sourceTree = "<group>"; };
		1C069BD11DC051CD008E3AE8 /* AddClassesViewController.swift */ = {isa = PBXFileReference; fileEncoding = 4; lastKnownFileType = sourcecode.swift; path = AddClassesViewController.swift; sourceTree = "<group>"; };
		1C6C30A31DBC6C960093C18A /* CoursesTableViewCell.swift */ = {isa = PBXFileReference; fileEncoding = 4; lastKnownFileType = sourcecode.swift; path = CoursesTableViewCell.swift; sourceTree = "<group>"; };
		1C7C3E601DD5553A00B326A3 /* ViewFileTableViewCell.swift */ = {isa = PBXFileReference; fileEncoding = 4; lastKnownFileType = sourcecode.swift; path = ViewFileTableViewCell.swift; sourceTree = "<group>"; };
		1C7C3E621DD555B300B326A3 /* ViewFilesViewController.swift */ = {isa = PBXFileReference; fileEncoding = 4; lastKnownFileType = sourcecode.swift; path = ViewFilesViewController.swift; sourceTree = "<group>"; };
		1C87719D1DD258CA001146EC /* StudySessionDetailViewController.swift */ = {isa = PBXFileReference; fileEncoding = 4; lastKnownFileType = sourcecode.swift; path = StudySessionDetailViewController.swift; sourceTree = "<group>"; };
		1C87719F1DD27F6F001146EC /* StudySessionTableViewCell.swift */ = {isa = PBXFileReference; fileEncoding = 4; lastKnownFileType = sourcecode.swift; path = StudySessionTableViewCell.swift; sourceTree = "<group>"; };
		1CA624F51DB6BAEA00F4E07B /* CreateStudySessionViewController.swift */ = {isa = PBXFileReference; fileEncoding = 4; lastKnownFileType = sourcecode.swift; path = CreateStudySessionViewController.swift; sourceTree = "<group>"; };
		1CA624F71DB6C00700F4E07B /* MyClassesViewController.swift */ = {isa = PBXFileReference; fileEncoding = 4; lastKnownFileType = sourcecode.swift; path = MyClassesViewController.swift; sourceTree = "<group>"; };
		1CA624F91DB6C24A00F4E07B /* SettingsScreenViewController.swift */ = {isa = PBXFileReference; fileEncoding = 4; lastKnownFileType = sourcecode.swift; path = SettingsScreenViewController.swift; sourceTree = "<group>"; };
		1CC886BF1DB6AA09007F5E62 /* PageViewController.swift */ = {isa = PBXFileReference; fileEncoding = 4; lastKnownFileType = sourcecode.swift; path = PageViewController.swift; sourceTree = "<group>"; };
		1CD1A3FA1DB6899900F68C35 /* SignUpScreenViewController.swift */ = {isa = PBXFileReference; fileEncoding = 4; lastKnownFileType = sourcecode.swift; path = SignUpScreenViewController.swift; sourceTree = "<group>"; };
		1CD828FC1DB67B38005F3A66 /* LogInScreenViewController.swift */ = {isa = PBXFileReference; fileEncoding = 4; lastKnownFileType = sourcecode.swift; path = LogInScreenViewController.swift; sourceTree = "<group>"; };
		1CE06B5A1DB85697006B95DE /* keyboardDissapear.swift */ = {isa = PBXFileReference; fileEncoding = 4; lastKnownFileType = sourcecode.swift; path = keyboardDissapear.swift; sourceTree = "<group>"; };
		1CE06B5C1DB85807006B95DE /* HomeScreenViewController.swift */ = {isa = PBXFileReference; fileEncoding = 4; lastKnownFileType = sourcecode.swift; path = HomeScreenViewController.swift; sourceTree = "<group>"; };
		1CE538B01DB678620039B4A2 /* StudySessions.app */ = {isa = PBXFileReference; explicitFileType = wrapper.application; includeInIndex = 0; path = StudySessions.app; sourceTree = BUILT_PRODUCTS_DIR; };
		1CE538B31DB678620039B4A2 /* AppDelegate.swift */ = {isa = PBXFileReference; lastKnownFileType = sourcecode.swift; path = AppDelegate.swift; sourceTree = "<group>"; };
		1CE538BC1DB678620039B4A2 /* Base */ = {isa = PBXFileReference; lastKnownFileType = file.storyboard; name = Base; path = Base.lproj/Main.storyboard; sourceTree = "<group>"; };
		1CE538BE1DB678630039B4A2 /* Assets.xcassets */ = {isa = PBXFileReference; lastKnownFileType = folder.assetcatalog; path = Assets.xcassets; sourceTree = "<group>"; };
		1CE538C11DB678630039B4A2 /* Base */ = {isa = PBXFileReference; lastKnownFileType = file.storyboard; name = Base; path = Base.lproj/LaunchScreen.storyboard; sourceTree = "<group>"; };
		1CE538C31DB678630039B4A2 /* Info.plist */ = {isa = PBXFileReference; lastKnownFileType = text.plist.xml; path = Info.plist; sourceTree = "<group>"; };
		1CF235AD1DECF204005CF922 /* ClassStudySessionsViewController.swift */ = {isa = PBXFileReference; fileEncoding = 4; lastKnownFileType = sourcecode.swift; path = ClassStudySessionsViewController.swift; sourceTree = "<group>"; };
		1CF235AE1DECF204005CF922 /* CourseStudySessionTableViewCell.swift */ = {isa = PBXFileReference; fileEncoding = 4; lastKnownFileType = sourcecode.swift; path = CourseStudySessionTableViewCell.swift; sourceTree = "<group>"; };
		1CF235AF1DECF204005CF922 /* ShowCoursesTableCell.swift */ = {isa = PBXFileReference; fileEncoding = 4; lastKnownFileType = sourcecode.swift; path = ShowCoursesTableCell.swift; sourceTree = "<group>"; };
		2ADBBCD5C92527EB4B6EBCE5 /* Pods-StudySessions.debug.xcconfig */ = {isa = PBXFileReference; includeInIndex = 1; lastKnownFileType = text.xcconfig; name = "Pods-StudySessions.debug.xcconfig"; path = "Pods/Target Support Files/Pods-StudySessions/Pods-StudySessions.debug.xcconfig"; sourceTree = "<group>"; };
		66A5C8A01A65B814AC7F0FDD /* Pods_StudySessions.framework */ = {isa = PBXFileReference; explicitFileType = wrapper.framework; includeInIndex = 0; path = Pods_StudySessions.framework; sourceTree = BUILT_PRODUCTS_DIR; };
		EB39A02C1DEA7A9C0036BE99 /* AddNewFileViewController.swift */ = {isa = PBXFileReference; fileEncoding = 4; lastKnownFileType = sourcecode.swift; path = AddNewFileViewController.swift; sourceTree = "<group>"; };
		EB50E2511DEAFDEB0088B338 /* ViewFileViewController.swift */ = {isa = PBXFileReference; fileEncoding = 4; lastKnownFileType = sourcecode.swift; path = ViewFileViewController.swift; sourceTree = "<group>"; };
		EBD6039E1DF99EA60065C720 /* AllPostsTableViewController.swift */ = {isa = PBXFileReference; fileEncoding = 4; lastKnownFileType = sourcecode.swift; path = AllPostsTableViewController.swift; sourceTree = "<group>"; };
		EBD603A01DF9AB740065C720 /* AddNewPostViewController.swift */ = {isa = PBXFileReference; fileEncoding = 4; lastKnownFileType = sourcecode.swift; path = AddNewPostViewController.swift; sourceTree = "<group>"; };
		EBD603A21DF9AD390065C720 /* ViewRepliesViewController.swift */ = {isa = PBXFileReference; fileEncoding = 4; lastKnownFileType = sourcecode.swift; path = ViewRepliesViewController.swift; sourceTree = "<group>"; };
		EBD603A41DF9F2810065C720 /* ReplyTableViewCell.swift */ = {isa = PBXFileReference; fileEncoding = 4; lastKnownFileType = sourcecode.swift; path = ReplyTableViewCell.swift; sourceTree = "<group>"; };
/* End PBXFileReference section */

/* Begin PBXFrameworksBuildPhase section */
		1CE538AD1DB678620039B4A2 /* Frameworks */ = {
			isa = PBXFrameworksBuildPhase;
			buildActionMask = 2147483647;
			files = (
				B4B25DA9529617E7A9CCA70D /* Pods_StudySessions.framework in Frameworks */,
			);
			runOnlyForDeploymentPostprocessing = 0;
		};
/* End PBXFrameworksBuildPhase section */

/* Begin PBXGroup section */
		1CE538A71DB678620039B4A2 = {
			isa = PBXGroup;
			children = (
				1CE538B21DB678620039B4A2 /* StudySessions */,
				1CE538B11DB678620039B4A2 /* Products */,
				657B89634290E672E49CD7B1 /* Pods */,
				4C00982CDD8DF828F3793BC6 /* Frameworks */,
			);
			sourceTree = "<group>";
		};
		1CE538B11DB678620039B4A2 /* Products */ = {
			isa = PBXGroup;
			children = (
				1CE538B01DB678620039B4A2 /* StudySessions.app */,
			);
			name = Products;
			sourceTree = "<group>";
		};
		1CE538B21DB678620039B4A2 /* StudySessions */ = {
			isa = PBXGroup;
			children = (
				1CE06B5C1DB85807006B95DE /* HomeScreenViewController.swift */,
				EBD603A01DF9AB740065C720 /* AddNewPostViewController.swift */,
				EBD603A21DF9AD390065C720 /* ViewRepliesViewController.swift */,
				EBD6039E1DF99EA60065C720 /* AllPostsTableViewController.swift */,
				EB50E2511DEAFDEB0088B338 /* ViewFileViewController.swift */,
				EB39A02C1DEA7A9C0036BE99 /* AddNewFileViewController.swift */,
				1CF235AD1DECF204005CF922 /* ClassStudySessionsViewController.swift */,
				EBD603A41DF9F2810065C720 /* ReplyTableViewCell.swift */,
				1CF235AE1DECF204005CF922 /* CourseStudySessionTableViewCell.swift */,
				1CF235AF1DECF204005CF922 /* ShowCoursesTableCell.swift */,
				1CE538B31DB678620039B4A2 /* AppDelegate.swift */,
				1CC886BF1DB6AA09007F5E62 /* PageViewController.swift */,
				1CE538BB1DB678620039B4A2 /* Main.storyboard */,
				1C87719F1DD27F6F001146EC /* StudySessionTableViewCell.swift */,
				1C7C3E601DD5553A00B326A3 /* ViewFileTableViewCell.swift */,
				1C87719D1DD258CA001146EC /* StudySessionDetailViewController.swift */,
				1C069BD11DC051CD008E3AE8 /* AddClassesViewController.swift */,
				1C7C3E621DD555B300B326A3 /* ViewFilesViewController.swift */,
				1C6C30A31DBC6C960093C18A /* CoursesTableViewCell.swift */,
				1CE06B5A1DB85697006B95DE /* keyboardDissapear.swift */,
				1CA624F91DB6C24A00F4E07B /* SettingsScreenViewController.swift */,
				1CA624F71DB6C00700F4E07B /* MyClassesViewController.swift */,
				1CA624F51DB6BAEA00F4E07B /* CreateStudySessionViewController.swift */,
				1CD1A3FA1DB6899900F68C35 /* SignUpScreenViewController.swift */,
				1CD828FC1DB67B38005F3A66 /* LogInScreenViewController.swift */,
				1CE538BE1DB678630039B4A2 /* Assets.xcassets */,
				1CE538C01DB678630039B4A2 /* LaunchScreen.storyboard */,
				1CE538C31DB678630039B4A2 /* Info.plist */,
			);
			path = StudySessions;
			sourceTree = "<group>";
		};
		4C00982CDD8DF828F3793BC6 /* Frameworks */ = {
			isa = PBXGroup;
			children = (
				66A5C8A01A65B814AC7F0FDD /* Pods_StudySessions.framework */,
			);
			name = Frameworks;
			sourceTree = "<group>";
		};
		657B89634290E672E49CD7B1 /* Pods */ = {
			isa = PBXGroup;
			children = (
				2ADBBCD5C92527EB4B6EBCE5 /* Pods-StudySessions.debug.xcconfig */,
				18009C89CAE399EA738014B2 /* Pods-StudySessions.release.xcconfig */,
			);
			name = Pods;
			sourceTree = "<group>";
		};
/* End PBXGroup section */

/* Begin PBXNativeTarget section */
		1CE538AF1DB678620039B4A2 /* StudySessions */ = {
			isa = PBXNativeTarget;
			buildConfigurationList = 1CE538C61DB678630039B4A2 /* Build configuration list for PBXNativeTarget "StudySessions" */;
			buildPhases = (
				46347C8FE04F0DF72486C897 /* [CP] Check Pods Manifest.lock */,
				1CE538AC1DB678620039B4A2 /* Sources */,
				1CE538AD1DB678620039B4A2 /* Frameworks */,
				1CE538AE1DB678620039B4A2 /* Resources */,
				2357D5103D3D25BD98E44B2F /* [CP] Embed Pods Frameworks */,
				D8D45F1F83D55FFC90257FD2 /* [CP] Copy Pods Resources */,
			);
			buildRules = (
			);
			dependencies = (
			);
			name = StudySessions;
			productName = StudySessions;
			productReference = 1CE538B01DB678620039B4A2 /* StudySessions.app */;
			productType = "com.apple.product-type.application";
		};
/* End PBXNativeTarget section */

/* Begin PBXProject section */
		1CE538A81DB678620039B4A2 /* Project object */ = {
			isa = PBXProject;
			attributes = {
				LastSwiftUpdateCheck = 0800;
				LastUpgradeCheck = 0800;
				ORGANIZATIONNAME = Group2;
				TargetAttributes = {
					1CE538AF1DB678620039B4A2 = {
						CreatedOnToolsVersion = 8.0;
						DevelopmentTeam = XM22U8D29U;
						ProvisioningStyle = Automatic;
					};
				};
			};
			buildConfigurationList = 1CE538AB1DB678620039B4A2 /* Build configuration list for PBXProject "StudySessions" */;
			compatibilityVersion = "Xcode 3.2";
			developmentRegion = English;
			hasScannedForEncodings = 0;
			knownRegions = (
				en,
				Base,
			);
			mainGroup = 1CE538A71DB678620039B4A2;
			productRefGroup = 1CE538B11DB678620039B4A2 /* Products */;
			projectDirPath = "";
			projectRoot = "";
			targets = (
				1CE538AF1DB678620039B4A2 /* StudySessions */,
			);
		};
/* End PBXProject section */

/* Begin PBXResourcesBuildPhase section */
		1CE538AE1DB678620039B4A2 /* Resources */ = {
			isa = PBXResourcesBuildPhase;
			buildActionMask = 2147483647;
			files = (
				1CE538C21DB678630039B4A2 /* LaunchScreen.storyboard in Resources */,
				1CE538BF1DB678630039B4A2 /* Assets.xcassets in Resources */,
				1CE538BD1DB678620039B4A2 /* Main.storyboard in Resources */,
			);
			runOnlyForDeploymentPostprocessing = 0;
		};
/* End PBXResourcesBuildPhase section */

/* Begin PBXShellScriptBuildPhase section */
		2357D5103D3D25BD98E44B2F /* [CP] Embed Pods Frameworks */ = {
			isa = PBXShellScriptBuildPhase;
			buildActionMask = 2147483647;
			files = (
			);
			inputPaths = (
			);
			name = "[CP] Embed Pods Frameworks";
			outputPaths = (
			);
			runOnlyForDeploymentPostprocessing = 0;
			shellPath = /bin/sh;
			shellScript = "\"${SRCROOT}/Pods/Target Support Files/Pods-StudySessions/Pods-StudySessions-frameworks.sh\"\n";
			showEnvVarsInLog = 0;
		};
		46347C8FE04F0DF72486C897 /* [CP] Check Pods Manifest.lock */ = {
			isa = PBXShellScriptBuildPhase;
			buildActionMask = 2147483647;
			files = (
			);
			inputPaths = (
			);
			name = "[CP] Check Pods Manifest.lock";
			outputPaths = (
			);
			runOnlyForDeploymentPostprocessing = 0;
			shellPath = /bin/sh;
			shellScript = "diff \"${PODS_ROOT}/../Podfile.lock\" \"${PODS_ROOT}/Manifest.lock\" > /dev/null\nif [ $? != 0 ] ; then\n    # print error to STDERR\n    echo \"error: The sandbox is not in sync with the Podfile.lock. Run 'pod install' or update your CocoaPods installation.\" >&2\n    exit 1\nfi\n";
			showEnvVarsInLog = 0;
		};
		D8D45F1F83D55FFC90257FD2 /* [CP] Copy Pods Resources */ = {
			isa = PBXShellScriptBuildPhase;
			buildActionMask = 2147483647;
			files = (
			);
			inputPaths = (
			);
			name = "[CP] Copy Pods Resources";
			outputPaths = (
			);
			runOnlyForDeploymentPostprocessing = 0;
			shellPath = /bin/sh;
			shellScript = "\"${SRCROOT}/Pods/Target Support Files/Pods-StudySessions/Pods-StudySessions-resources.sh\"\n";
			showEnvVarsInLog = 0;
		};
/* End PBXShellScriptBuildPhase section */

/* Begin PBXSourcesBuildPhase section */
		1CE538AC1DB678620039B4A2 /* Sources */ = {
			isa = PBXSourcesBuildPhase;
			buildActionMask = 2147483647;
			files = (
				1CF235B21DECF204005CF922 /* CourseStudySessionTableViewCell.swift in Sources */,
				EBD603A11DF9AB740065C720 /* AddNewPostViewController.swift in Sources */,
				EBD603A51DF9F2810065C720 /* ReplyTableViewCell.swift in Sources */,
				1CE538B41DB678620039B4A2 /* AppDelegate.swift in Sources */,
				1CA624FA1DB6C24A00F4E07B /* SettingsScreenViewController.swift in Sources */,
				1CC886C01DB6AA09007F5E62 /* PageViewController.swift in Sources */,
				1CD1A3FB1DB6899900F68C35 /* SignUpScreenViewController.swift in Sources */,
				EBD603A31DF9AD390065C720 /* ViewRepliesViewController.swift in Sources */,
				1C7C3E631DD555B300B326A3 /* ViewFilesViewController.swift in Sources */,
				1CD828FD1DB67B38005F3A66 /* LogInScreenViewController.swift in Sources */,
				EBD6039F1DF99EA60065C720 /* AllPostsTableViewController.swift in Sources */,
				1CF235B11DECF204005CF922 /* ClassStudySessionsViewController.swift in Sources */,
				1C8771A01DD27F6F001146EC /* StudySessionTableViewCell.swift in Sources */,
				1CA624F81DB6C00700F4E07B /* MyClassesViewController.swift in Sources */,
				EB50E2521DEAFDEB0088B338 /* ViewFileViewController.swift in Sources */,
				1CA624F61DB6BAEA00F4E07B /* CreateStudySessionViewController.swift in Sources */,
				1CE06B5B1DB85697006B95DE /* keyboardDissapear.swift in Sources */,
				1C069BD21DC051CD008E3AE8 /* AddClassesViewController.swift in Sources */,
				EB39A02D1DEA7A9C0036BE99 /* AddNewFileViewController.swift in Sources */,
				1C6C30A41DBC6C960093C18A /* CoursesTableViewCell.swift in Sources */,
				1CE06B5D1DB85807006B95DE /* HomeScreenViewController.swift in Sources */,
				1C7C3E611DD5553A00B326A3 /* ViewFileTableViewCell.swift in Sources */,
				1CF235B31DECF204005CF922 /* ShowCoursesTableCell.swift in Sources */,
				1C87719E1DD258CA001146EC /* StudySessionDetailViewController.swift in Sources */,
			);
			runOnlyForDeploymentPostprocessing = 0;
		};
/* End PBXSourcesBuildPhase section */

/* Begin PBXVariantGroup section */
		1CE538BB1DB678620039B4A2 /* Main.storyboard */ = {
			isa = PBXVariantGroup;
			children = (
				1CE538BC1DB678620039B4A2 /* Base */,
			);
			name = Main.storyboard;
			sourceTree = "<group>";
		};
		1CE538C01DB678630039B4A2 /* LaunchScreen.storyboard */ = {
			isa = PBXVariantGroup;
			children = (
				1CE538C11DB678630039B4A2 /* Base */,
			);
			name = LaunchScreen.storyboard;
			sourceTree = "<group>";
		};
/* End PBXVariantGroup section */

/* Begin XCBuildConfiguration section */
		1CE538C41DB678630039B4A2 /* Debug */ = {
			isa = XCBuildConfiguration;
			buildSettings = {
				ALWAYS_SEARCH_USER_PATHS = NO;
				CLANG_ANALYZER_NONNULL = YES;
				CLANG_CXX_LANGUAGE_STANDARD = "gnu++0x";
				CLANG_CXX_LIBRARY = "libc++";
				CLANG_ENABLE_MODULES = YES;
				CLANG_ENABLE_OBJC_ARC = YES;
				CLANG_WARN_BOOL_CONVERSION = YES;
				CLANG_WARN_CONSTANT_CONVERSION = YES;
				CLANG_WARN_DIRECT_OBJC_ISA_USAGE = YES_ERROR;
				CLANG_WARN_DOCUMENTATION_COMMENTS = YES;
				CLANG_WARN_EMPTY_BODY = YES;
				CLANG_WARN_ENUM_CONVERSION = YES;
				CLANG_WARN_INFINITE_RECURSION = YES;
				CLANG_WARN_INT_CONVERSION = YES;
				CLANG_WARN_OBJC_ROOT_CLASS = YES_ERROR;
				CLANG_WARN_SUSPICIOUS_MOVES = YES;
				CLANG_WARN_UNREACHABLE_CODE = YES;
				CLANG_WARN__DUPLICATE_METHOD_MATCH = YES;
				"CODE_SIGN_IDENTITY[sdk=iphoneos*]" = "iPhone Developer";
				COPY_PHASE_STRIP = NO;
				DEBUG_INFORMATION_FORMAT = dwarf;
				ENABLE_STRICT_OBJC_MSGSEND = YES;
				ENABLE_TESTABILITY = YES;
				GCC_C_LANGUAGE_STANDARD = gnu99;
				GCC_DYNAMIC_NO_PIC = NO;
				GCC_NO_COMMON_BLOCKS = YES;
				GCC_OPTIMIZATION_LEVEL = 0;
				GCC_PREPROCESSOR_DEFINITIONS = (
					"DEBUG=1",
					"$(inherited)",
				);
				GCC_WARN_64_TO_32_BIT_CONVERSION = YES;
				GCC_WARN_ABOUT_RETURN_TYPE = YES_ERROR;
				GCC_WARN_UNDECLARED_SELECTOR = YES;
				GCC_WARN_UNINITIALIZED_AUTOS = YES_AGGRESSIVE;
				GCC_WARN_UNUSED_FUNCTION = YES;
				GCC_WARN_UNUSED_VARIABLE = YES;
				IPHONEOS_DEPLOYMENT_TARGET = 10.0;
				MTL_ENABLE_DEBUG_INFO = YES;
				ONLY_ACTIVE_ARCH = YES;
				SDKROOT = iphoneos;
				SWIFT_ACTIVE_COMPILATION_CONDITIONS = DEBUG;
				SWIFT_OPTIMIZATION_LEVEL = "-Onone";
			};
			name = Debug;
		};
		1CE538C51DB678630039B4A2 /* Release */ = {
			isa = XCBuildConfiguration;
			buildSettings = {
				ALWAYS_SEARCH_USER_PATHS = NO;
				CLANG_ANALYZER_NONNULL = YES;
				CLANG_CXX_LANGUAGE_STANDARD = "gnu++0x";
				CLANG_CXX_LIBRARY = "libc++";
				CLANG_ENABLE_MODULES = YES;
				CLANG_ENABLE_OBJC_ARC = YES;
				CLANG_WARN_BOOL_CONVERSION = YES;
				CLANG_WARN_CONSTANT_CONVERSION = YES;
				CLANG_WARN_DIRECT_OBJC_ISA_USAGE = YES_ERROR;
				CLANG_WARN_DOCUMENTATION_COMMENTS = YES;
				CLANG_WARN_EMPTY_BODY = YES;
				CLANG_WARN_ENUM_CONVERSION = YES;
				CLANG_WARN_INFINITE_RECURSION = YES;
				CLANG_WARN_INT_CONVERSION = YES;
				CLANG_WARN_OBJC_ROOT_CLASS = YES_ERROR;
				CLANG_WARN_SUSPICIOUS_MOVES = YES;
				CLANG_WARN_UNREACHABLE_CODE = YES;
				CLANG_WARN__DUPLICATE_METHOD_MATCH = YES;
				"CODE_SIGN_IDENTITY[sdk=iphoneos*]" = "iPhone Developer";
				COPY_PHASE_STRIP = NO;
				DEBUG_INFORMATION_FORMAT = "dwarf-with-dsym";
				ENABLE_NS_ASSERTIONS = NO;
				ENABLE_STRICT_OBJC_MSGSEND = YES;
				GCC_C_LANGUAGE_STANDARD = gnu99;
				GCC_NO_COMMON_BLOCKS = YES;
				GCC_WARN_64_TO_32_BIT_CONVERSION = YES;
				GCC_WARN_ABOUT_RETURN_TYPE = YES_ERROR;
				GCC_WARN_UNDECLARED_SELECTOR = YES;
				GCC_WARN_UNINITIALIZED_AUTOS = YES_AGGRESSIVE;
				GCC_WARN_UNUSED_FUNCTION = YES;
				GCC_WARN_UNUSED_VARIABLE = YES;
				IPHONEOS_DEPLOYMENT_TARGET = 10.0;
				MTL_ENABLE_DEBUG_INFO = NO;
				SDKROOT = iphoneos;
				SWIFT_OPTIMIZATION_LEVEL = "-Owholemodule";
				VALIDATE_PRODUCT = YES;
			};
			name = Release;
		};
		1CE538C71DB678630039B4A2 /* Debug */ = {
			isa = XCBuildConfiguration;
			baseConfigurationReference = 2ADBBCD5C92527EB4B6EBCE5 /* Pods-StudySessions.debug.xcconfig */;
			buildSettings = {
				ASSETCATALOG_COMPILER_APPICON_NAME = AppIcon;
				DEVELOPMENT_TEAM = XM22U8D29U;
				INFOPLIST_FILE = StudySessions/Info.plist;
				LD_RUNPATH_SEARCH_PATHS = "$(inherited) @executable_path/Frameworks";
				PRODUCT_BUNDLE_IDENTIFIER = Prakhar.StudySessions;
				PRODUCT_NAME = "$(TARGET_NAME)";
				SWIFT_VERSION = 3.0;
				TARGETED_DEVICE_FAMILY = 1;
			};
			name = Debug;
		};
		1CE538C81DB678630039B4A2 /* Release */ = {
			isa = XCBuildConfiguration;
			baseConfigurationReference = 18009C89CAE399EA738014B2 /* Pods-StudySessions.release.xcconfig */;
			buildSettings = {
				ASSETCATALOG_COMPILER_APPICON_NAME = AppIcon;
				DEVELOPMENT_TEAM = XM22U8D29U;
				INFOPLIST_FILE = StudySessions/Info.plist;
				LD_RUNPATH_SEARCH_PATHS = "$(inherited) @executable_path/Frameworks";
				PRODUCT_BUNDLE_IDENTIFIER = Prakhar.StudySessions;
				PRODUCT_NAME = "$(TARGET_NAME)";
				SWIFT_VERSION = 3.0;
				TARGETED_DEVICE_FAMILY = 1;
			};
			name = Release;
		};
/* End XCBuildConfiguration section */

/* Begin XCConfigurationList section */
		1CE538AB1DB678620039B4A2 /* Build configuration list for PBXProject "StudySessions" */ = {
			isa = XCConfigurationList;
			buildConfigurations = (
				1CE538C41DB678630039B4A2 /* Debug */,
				1CE538C51DB678630039B4A2 /* Release */,
			);
			defaultConfigurationIsVisible = 0;
			defaultConfigurationName = Release;
		};
		1CE538C61DB678630039B4A2 /* Build configuration list for PBXNativeTarget "StudySessions" */ = {
			isa = XCConfigurationList;
			buildConfigurations = (
				1CE538C71DB678630039B4A2 /* Debug */,
				1CE538C81DB678630039B4A2 /* Release */,
			);
			defaultConfigurationIsVisible = 0;
			defaultConfigurationName = Release;
		};
/* End XCConfigurationList section */
	};
	rootObject = 1CE538A81DB678620039B4A2 /* Project object */;
}
