PODS:
  - Bolts/Tasks (1.8.4)
  - LayerKit (0.23.3)
  - Parse (1.14.2):
    - Bolts/Tasks (~> 1.8)

DEPENDENCIES:
  - LayerKit
  - Parse

SPEC CHECKSUMS:
  Bolts: 8a7995239dbe724f9cba2248b766d48b7ebdd322
  LayerKit: 128b3b0c036422458d621f81f36e6b42d372feba
  Parse: 4335d65f40cb3d43190d723144bbe1afb9c38230

PODFILE CHECKSUM: bfec38632baf2d47f86b8e320400832ddd98576f

COCOAPODS: 1.1.1
